
Microsoft Visual Studio Solution File, Format Version 12.00
# Visual Studio Version 16
VisualStudioVersion = 16.0.31702.278
MinimumVisualStudioVersion = 10.0.40219.1
Project("{8BC9CEB8-8B4A-11D0-8D11-00A0C91BC942}") = "CM11_链表分割", "CM11_链表分割\CM11_链表分割.vcxproj", "{90128665-D0FE-4596-A334-491FE9E8B93F}"
EndProject
Global
	GlobalSection(SolutionConfigurationPlatforms) = preSolution
		Debug|x64 = Debug|x64
		Debug|x86 = Debug|x86
		Release|x64 = Release|x64
		Release|x86 = Release|x86
	EndGlobalSection
	GlobalSection(ProjectConfigurationPlatforms) = postSolution
		{90128665-D0FE-4596-A334-491FE9E8B93F}.Debug|x64.ActiveCfg = Debug|x64
		{90128665-D0FE-4596-A334-491FE9E8B93F}.Debug|x64.Build.0 = Debug|x64
		{90128665-D0FE-4596-A334-491FE9E8B93F}.Debug|x86.ActiveCfg = Debug|Win32
		{90128665-D0FE-4596-A334-491FE9E8B93F}.Debug|x86.Build.0 = Debug|Win32
		{90128665-D0FE-4596-A334-491FE9E8B93F}.Release|x64.ActiveCfg = Release|x64
		{90128665-D0FE-4596-A334-491FE9E8B93F}.Release|x64.Build.0 = Release|x64
		{90128665-D0FE-4596-A334-491FE9E8B93F}.Release|x86.ActiveCfg = Release|Win32
		{90128665-D0FE-4596-A334-491FE9E8B93F}.Release|x86.Build.0 = Release|Win32
	EndGlobalSection
	GlobalSection(SolutionProperties) = preSolution
		HideSolutionNode = FALSE
	EndGlobalSection
	GlobalSection(ExtensibilityGlobals) = postSolution
		SolutionGuid = {F0A2E53F-6777-4987-B898-8B564C781B6A}
	EndGlobalSection
EndGlobal
